<?xml version="1.0" encoding="utf-8"?>
<Project ToolsVersion="4.0" xmlns="http://schemas.microsoft.com/developer/msbuild/2003">
  <ItemGroup>
    <Filter Include="源文件">
      <UniqueIdentifier>{4FC737F1-C7A5-4376-A066-2A32D752A2FF}</UniqueIdentifier>
      <Extensions>cpp;c;cc;cxx;c++;cppm;ixx;def;odl;idl;hpj;bat;asm;asmx</Extensions>
    </Filter>
    <Filter Include="头文件">
      <UniqueIdentifier>{93995380-89BD-4b04-88EB-625FBE52EBFB}</UniqueIdentifier>
      <Extensions>h;hh;hpp;hxx;h++;hm;inl;inc;ipp;xsd</Extensions>
    </Filter>
    <Filter Include="资源文件">
      <UniqueIdentifier>{67DA6AB6-F800-4c08-8B7A-83BB121AAD01}</UniqueIdentifier>
      <Extensions>rc;ico;cur;bmp;dlg;rc2;rct;bin;rgs;gif;jpg;jpeg;jpe;resx;tiff;tif;png;wav;mfcribbon-ms</Extensions>
    </Filter>
    <Filter Include="源文件\Mem">
      <UniqueIdentifier>{6354b5eb-fcd5-445c-94bf-e91b0542b49b}</UniqueIdentifier>
    </Filter>
    <Filter Include="源文件\Test">
      <UniqueIdentifier>{46013445-e29d-4a80-8116-b9b8fd09a16e}</UniqueIdentifier>
    </Filter>
  </ItemGroup>
  <ItemGroup>
    <ClCompile Include="main.cpp">
      <Filter>源文件</Filter>
    </ClCompile>
    <ClCompile Include="MemBuilder.cpp">
      <Filter>源文件\Mem</Filter>
    </ClCompile>
    <ClCompile Include="Memory.cpp">
      <Filter>源文件\Mem</Filter>
    </ClCompile>
    <ClCompile Include="MemoryReadWriter.cpp">
      <Filter>源文件\Mem</Filter>
    </ClCompile>
    <ClCompile Include="TestApp.cpp">
      <Filter>源文件\Test</Filter>
    </ClCompile>
  </ItemGroup>
  <ItemGroup>
    <ClInclude Include="export.h">
      <Filter>头文件</Filter>
    </ClInclude>
    <ClInclude Include="MemBuilder.h">
      <Filter>源文件\Mem</Filter>
    </ClInclude>
    <ClInclude Include="Memory.h">
      <Filter>源文件\Mem</Filter>
    </ClInclude>
    <ClInclude Include="MemoryReadWriter.h">
      <Filter>源文件\Mem</Filter>
    </ClInclude>
    <ClInclude Include="TestApp.h">
      <Filter>源文件\Test</Filter>
    </ClInclude>
  </ItemGroup>
</Project>